
Microsoft Visual Studio Solution File, Format Version 12.00
# Visual Studio 2013
VisualStudioVersion = 12.0.31101.0
MinimumVisualStudioVersion = 10.0.40219.1
Project("{8BC9CEB8-8B4A-11D0-8D11-00A0C91BC942}") = "GameEngine", "GameEngine\GameEngine.vcxproj", "{0F45983F-61A2-45E4-BC61-B3F080717DD9}"
EndProject
Project("{8BC9CEB8-8B4A-11D0-8D11-00A0C91BC942}") = "Core", "Core\Core.vcxproj", "{7F195A4A-E6FB-4B85-BA60-EF0C10767BC9}"
EndProject
Project("{8BC9CEB8-8B4A-11D0-8D11-00A0C91BC942}") = "Server", "Server\Server.vcxproj", "{00FA48E9-6362-4787-800B-C4DD4CEAD15D}"
EndProject
Global
	GlobalSection(SolutionConfigurationPlatforms) = preSolution
		Debug|Win32 = Debug|Win32
		Release|Win32 = Release|Win32
	EndGlobalSection
	GlobalSection(ProjectConfigurationPlatforms) = postSolution
		{0F45983F-61A2-45E4-BC61-B3F080717DD9}.Debug|Win32.ActiveCfg = Debug|Win32
		{0F45983F-61A2-45E4-BC61-B3F080717DD9}.Debug|Win32.Build.0 = Debug|Win32
		{0F45983F-61A2-45E4-BC61-B3F080717DD9}.Release|Win32.ActiveCfg = Release|Win32
		{0F45983F-61A2-45E4-BC61-B3F080717DD9}.Release|Win32.Build.0 = Release|Win32
		{7F195A4A-E6FB-4B85-BA60-EF0C10767BC9}.Debug|Win32.ActiveCfg = Debug|Win32
		{7F195A4A-E6FB-4B85-BA60-EF0C10767BC9}.Debug|Win32.Build.0 = Debug|Win32
		{7F195A4A-E6FB-4B85-BA60-EF0C10767BC9}.Release|Win32.ActiveCfg = Release|Win32
		{7F195A4A-E6FB-4B85-BA60-EF0C10767BC9}.Release|Win32.Build.0 = Release|Win32
		{00FA48E9-6362-4787-800B-C4DD4CEAD15D}.Debug|Win32.ActiveCfg = Debug|Win32
		{00FA48E9-6362-4787-800B-C4DD4CEAD15D}.Debug|Win32.Build.0 = Debug|Win32
		{00FA48E9-6362-4787-800B-C4DD4CEAD15D}.Release|Win32.ActiveCfg = Release|Win32
		{00FA48E9-6362-4787-800B-C4DD4CEAD15D}.Release|Win32.Build.0 = Release|Win32
	EndGlobalSection
	GlobalSection(SolutionProperties) = preSolution
		HideSolutionNode = FALSE
	EndGlobalSection
EndGlobal
